
Microsoft Visual Studio Solution File, Format Version 12.00
# Visual Studio Version 16
VisualStudioVersion = 16.0.30011.22
MinimumVisualStudioVersion = 10.0.40219.1
Project("{FAE04EC0-301F-11D3-BF4B-00C04F79EFBC}") = "Quanlyquannet", "Quanlyquannet\Quanlyquannet.csproj", "{EAA43847-90F1-41B5-9E39-78945936158B}"
EndProject
Project("{FAE04EC0-301F-11D3-BF4B-00C04F79EFBC}") = "Main", "Main\Main.csproj", "{35723842-675D-4351-804B-D3C3A2B15ECE}"
EndProject
Global
	GlobalSection(SolutionConfigurationPlatforms) = preSolution
		Debug|Any CPU = Debug|Any CPU
		Release|Any CPU = Release|Any CPU
	EndGlobalSection
	GlobalSection(ProjectConfigurationPlatforms) = postSolution
		{EAA43847-90F1-41B5-9E39-78945936158B}.Debug|Any CPU.ActiveCfg = Debug|Any CPU
		{EAA43847-90F1-41B5-9E39-78945936158B}.Debug|Any CPU.Build.0 = Debug|Any CPU
		{EAA43847-90F1-41B5-9E39-78945936158B}.Release|Any CPU.ActiveCfg = Release|Any CPU
		{EAA43847-90F1-41B5-9E39-78945936158B}.Release|Any CPU.Build.0 = Release|Any CPU
		{35723842-675D-4351-804B-D3C3A2B15ECE}.Debug|Any CPU.ActiveCfg = Debug|Any CPU
		{35723842-675D-4351-804B-D3C3A2B15ECE}.Debug|Any CPU.Build.0 = Debug|Any CPU
		{35723842-675D-4351-804B-D3C3A2B15ECE}.Release|Any CPU.ActiveCfg = Release|Any CPU
		{35723842-675D-4351-804B-D3C3A2B15ECE}.Release|Any CPU.Build.0 = Release|Any CPU
	EndGlobalSection
	GlobalSection(SolutionProperties) = preSolution
		HideSolutionNode = FALSE
	EndGlobalSection
	GlobalSection(ExtensibilityGlobals) = postSolution
		SolutionGuid = {A78F0A4E-39AB-4C72-9EA2-D981FB84DC69}
	EndGlobalSection
EndGlobal
